<?xml version="1.0" encoding="utf-8"?>
<Project ToolsVersion="4.0" xmlns="http://schemas.microsoft.com/developer/msbuild/2003">
  <ItemGroup>
    <ClCompile Include="Render\Camera.cpp">
      <Filter>Render</Filter>
    </ClCompile>
    <ClCompile Include="Render\Render.cpp">
      <Filter>Render</Filter>
    </ClCompile>
    <ClCompile Include="RenderUtils.cpp" />
    <ClCompile Include="main.cpp" />
    <ClCompile Include="callbacks.cpp" />
    <ClCompile Include="Particle.cpp" />
    <ClCompile Include="Projectile.cpp" />
    <ClCompile Include="ParticleGenerator.cpp" />
    <ClCompile Include="WaterParticleGenerator.cpp" />
    <ClCompile Include="GravityForceGenerator.cpp" />
    <ClCompile Include="WindForceGenerator.cpp" />
    <ClCompile Include="ExplosionForceGenerator.cpp" />
    <ClCompile Include="ExplosionParticleGenerator.cpp" />
    <ClCompile Include="PaintParticleGenerator.cpp" />
    <ClCompile Include="Ground.cpp" />
    <ClCompile Include="Axes.cpp" />
    <ClCompile Include="ParticleSystem.cpp" />
    <ClCompile Include="Defense.cpp" />
    <ClCompile Include="SpringForceGenerator.cpp" />
    <ClCompile Include="AnchoredSpringFG.cpp" />
    <ClCompile Include="BuoyancyBounceGenerator.cpp" />
    <ClCompile Include="Bullet.cpp" />
    <ClCompile Include="Enemy.cpp" />
    <ClCompile Include="DynamicRigidSolid.cpp" />
    <ClCompile Include="EnemyGenerator.cpp" />
  </ItemGroup>
  <ItemGroup>
    <ClInclude Include="core.hpp" />
    <ClInclude Include="Render\Camera.h">
      <Filter>Render</Filter>
    </ClInclude>
    <ClInclude Include="Render\Render.h">
      <Filter>Render</Filter>
    </ClInclude>
    <ClInclude Include="RenderUtils.hpp" />
    <ClInclude Include="callbacks.hpp" />
    <ClInclude Include="Vector3D.h" />
    <ClInclude Include="Particle.h" />
    <ClInclude Include="Projectile.h" />
    <ClInclude Include="ParticleGenerator.h" />
    <ClInclude Include="WaterParticleGenerator.h" />
    <ClInclude Include="ForceGenerator.h" />
    <ClInclude Include="GravityForceGenerator.h" />
    <ClInclude Include="WindForceGenerator.h" />
    <ClInclude Include="ExplosionForceGenerator.h" />
    <ClInclude Include="ExplosionParticleGenerator.h" />
    <ClInclude Include="PaintParticleGenerator.h" />
    <ClInclude Include="Ground.h" />
    <ClInclude Include="Axes.h" />
    <ClInclude Include="ParticleSystem.h" />
    <ClInclude Include="Defense.h" />
    <ClInclude Include="SpringForceGenerator.h" />
    <ClInclude Include="AnchoredSpringFG.h" />
    <ClInclude Include="BuoyancyBounceGenerator.h" />
    <ClInclude Include="checkML.h" />
    <ClInclude Include="Bullet.h" />
    <ClInclude Include="Enemy.h" />
    <ClInclude Include="EnemyManager.h" />
    <ClInclude Include="DynamicRigidSolid.h" />
    <ClInclude Include="EnemyGenerator.h" />
  </ItemGroup>
  <ItemGroup>
    <Filter Include="Render">
      <UniqueIdentifier>{d04b4f9f-5a69-465e-8070-25c6d0bcd3c2}</UniqueIdentifier>
    </Filter>
  </ItemGroup>
</Project>